version: 7
platforms:
- name: win-64
  virtual-packages:
  - __win=10.0
  - __archspec=0=x86_64
environments:
  default:
    channels:
    - url: https://conda.anaconda.org/conda-forge/
    indexes:
    - https://pypi.org/simple
    packages:
      win-64:
      - conda: https://conda.anaconda.org/conda-forge/noarch/ca-certificates-2026.7.22-h4c7d964_0.conda
      - conda: https://conda.anaconda.org/conda-forge/noarch/python_abi-3.14-9_cp314.conda
      - conda: https://conda.anaconda.org/conda-forge/noarch/tzdata-2026c-h151e31d_0.conda
      - conda: https://conda.anaconda.org/conda-forge/win-64/bzip2-1.0.8-h0ad9c76_10.conda
      - conda: https://conda.anaconda.org/conda-forge/win-64/libexpat-2.8.1-hac47afa_1.conda
      - conda: https://conda.anaconda.org/conda-forge/win-64/libffi-3.7.0-h3d046cb_1.conda
      - conda: https://conda.anaconda.org/conda-forge/win-64/liblzma-5.8.3-hfd05255_1.conda
      - conda: https://conda.anaconda.org/conda-forge/win-64/libmpdec-4.0.0-hfd05255_2.conda
      - conda: https://conda.anaconda.org/conda-forge/win-64/libpython-3.14.7-h4f90d01_106_cp314.conda
      - conda: https://conda.anaconda.org/conda-forge/win-64/libsqlite-3.53.4-hf5d6505_1.conda
      - conda: https://conda.anaconda.org/conda-forge/win-64/libzlib-1.3.2-hfd05255_3.conda
      - conda: https://conda.anaconda.org/conda-forge/win-64/openssl-3.5.8-hf411b9b_0.conda
      - conda: https://conda.anaconda.org/conda-forge/win-64/python-3.14.7-h53f6dd8_106_cp314.conda
      - conda: https://conda.anaconda.org/conda-forge/win-64/tk-8.6.13-h967ab96_4.conda
      - conda: https://conda.anaconda.org/conda-forge/win-64/ucrt-10.0.26100.0-h57928b3_0.conda
      - conda: https://conda.anaconda.org/conda-forge/win-64/uv-0.12.16-h8a923dc_0.conda
      - conda: https://conda.anaconda.org/conda-forge/win-64/vc-14.5-ha367084_41.conda
      - conda: https://conda.anaconda.org/conda-forge/win-64/vc14_runtime-14.51.36247-habf1de7_41.conda
      - conda: https://conda.anaconda.org/conda-forge/win-64/vcomp14-14.51.36247-habf1de7_41.conda
      - conda: https://conda.anaconda.org/conda-forge/win-64/zstd-1.5.7-h534d264_7.conda
      - pypi: https://files.pythonhosted.org/packages/3a/13/547360d81e6d88d58492968ffda9f9542854f11310ee556fef14260cc886/zipp-4.1.0-py3-none-any.whl
      - pypi: https://files.pythonhosted.org/packages/49/d3/b8441a820a491ddfc024b0b0cf0393375b75ea13866d9c66727e54c2fc80/typing_extensions-4.16.0-py3-none-any.whl
      - pypi: https://files.pythonhosted.org/packages/58/0a/a10b45aab35b175aded078a462dc8d0c698f5b13946e7cb0869097b78bb6/absl_py-2.5.0-py3-none-any.whl
      - pypi: https://files.pythonhosted.org/packages/5a/3d/589663aeeacd59bb2f3e8596bfd3e81cf0fb18d70bb433199041f469771b/etils-1.14.0-py3-none-any.whl
      - pypi: https://files.pythonhosted.org/packages/a4/73/d2c08231e4fde7e415501fd02c715d96e98599b2d8384445933944152984/numpy-2.5.3-cp314-cp314-win_amd64.whl
      - pypi: https://files.pythonhosted.org/packages/a7/4f/a615c2b29f6754ebed84a611ee99c159addb51231434dba1cbdb29fa45f3/mujoco-3.13.0-cp314-cp314-win_amd64.whl
      - pypi: https://files.pythonhosted.org/packages/de/e4/1ba6f44e491c4eece978685230dde56b14d51a0365bc1b774ddaa94d14cd/pyopengl-3.1.10-py3-none-any.whl
      - pypi: https://files.pythonhosted.org/packages/e0/6c/4ca5f3ab85a8d7f612ce857208726e9b834e54e559751e3d4f98cc2f7509/glfw-2.10.2-py2.py3-none-win_amd64.whl
      - pypi: https://files.pythonhosted.org/packages/f8/ee/e5227c249c4aed5517f5331612c593965f19aec9f0d994f51c9aee8802fd/mujoco_warp-3.13.0-py3-none-any.whl
      - pypi: https://files.pythonhosted.org/packages/fd/3c/6a2bf344106328fd04963664a60b9bb6496fc25df8e962fcdc1367285fb9/fsspec-2026.7.0-py3-none-any.whl
      - pypi: https://files.pythonhosted.org/packages/ff/7a/36306a503085cbfc79c35a28e441c59dd1d8070d2dd65152345ebf2dfec2/warp_lang-1.17.0-py3-none-win_amd64.whl
packages:
- conda: https://conda.anaconda.org/conda-forge/noarch/ca-certificates-2026.7.22-h4c7d964_0.conda
  sha256: 95e8e74062a5fe5f870ac8c90302b6e89945165fdaed7810606e84ddee6aac12
  md5: e27d2ac27b096dc51fedfcf775a53f9b
  depends:
  - __win
  license: ISC
  purls: []
  run_exports: {}
  size: 132136
  timestamp: 1784754918886
- conda: https://conda.anaconda.org/conda-forge/noarch/python_abi-3.14-9_cp314.conda
  build_number: 9
  sha256: e7f8e965bbfb98e08feb2365cacdad8bb218fa5b5a0a2752f747287f425f213c
  md5: 350d89b50d7de805abf2e63e29dee451
  constrains:
  - python 3.14.* *_cp314
  license: BSD-3-Clause
  license_family: BSD
  purls: []
  run_exports: {}
  size: 6791
  timestamp: 1788302824440
- conda: https://conda.anaconda.org/conda-forge/noarch/tzdata-2026c-h151e31d_0.conda
  sha256: b928c30ddcb0e3f544c6eade8352737e6e610e263276b90232db6a578ef899d8
  md5: fcb489df604d100968b737f2cb6076c6
  license: LicenseRef-Public-Domain
  purls: []
  run_exports: {}
  size: 118849
  timestamp: 1784250406640
- conda: https://conda.anaconda.org/conda-forge/win-64/bzip2-1.0.8-h0ad9c76_10.conda
  sha256: 04767466ee9227c9c57ab2c6503e0149177d34111c7418d2f420297acb1eb229
  md5: c3301c058362f340100d91cd8be0393f
  depends:
  - ucrt >=10.0.20348.0
  - vc >=14.3,<15
  - vc14_runtime >=14.44.35208
  license: bzip2-1.0.6
  license_family: BSD
  purls: []
  run_exports:
    weak:
    - bzip2 >=1.0.8,<2.0a0
  size: 55919
  timestamp: 1785906343696
- conda: https://conda.anaconda.org/conda-forge/win-64/libexpat-2.8.1-hac47afa_1.conda
  sha256: 1a54d874addda73b6f7164d5f3905821277a1831bcc05edd74b3085391688571
  md5: ccc490c81ffe14181861beac0e8f3169
  depends:
  - ucrt >=10.0.20348.0
  - vc >=14.3,<15
  - vc14_runtime >=14.44.35208
  constrains:
  - expat 2.8.1.*
  license: MIT
  license_family: MIT
  purls: []
  run_exports: {}
  size: 71631
  timestamp: 1781203724164
- conda: https://conda.anaconda.org/conda-forge/win-64/libffi-3.7.0-h3d046cb_1.conda
  sha256: 613e8077c5cca5df7fe84ade7d5050301bee3c6c4c450ffe61d34a349ab4f11c
  md5: ceb38b0ba900847d8da4289c3c8e5708
  depends:
  - ucrt >=10.0.20348.0
  - vc >=14.3,<15
  - vc14_runtime >=14.44.35208
  license: MIT
  license_family: MIT
  purls: []
  run_exports:
    weak:
    - libffi >=3.7.0,<3.8.0a0
  size: 49992
  timestamp: 1787753517346
- conda: https://conda.anaconda.org/conda-forge/win-64/liblzma-5.8.3-hfd05255_1.conda
  sha256: d36c4a1e1f80fd08e18a407e03622ff2f34dfdd022da6488ad19603dea19e6d5
  md5: 880a0c8549479b198af21ba5dc49b109
  depends:
  - ucrt >=10.0.20348.0
  - vc >=14.3,<15
  - vc14_runtime >=14.44.35208
  constrains:
  - xz 5.8.3.*
  license: 0BSD
  purls: []
  run_exports:
    weak:
    - liblzma >=5.8.3,<6.0a0
  size: 105809
  timestamp: 1786348717883
- conda: https://conda.anaconda.org/conda-forge/win-64/libmpdec-4.0.0-hfd05255_2.conda
  sha256: f07e451de3db1836b87f7aedf95c8e65cdb06c0e6105329ba24bb5f7b5c75e2a
  md5: 5ae92fd6614edd024576e14069d7ad4c
  depends:
  - ucrt >=10.0.20348.0
  - vc >=14.3,<15
  - vc14_runtime >=14.44.35208
  license: BSD-2-Clause
  license_family: BSD
  purls: []
  run_exports: {}
  size: 89109
  timestamp: 1786650384519
- conda: https://conda.anaconda.org/conda-forge/win-64/libpython-3.14.7-h4f90d01_106_cp314.conda
  build_number: 106
  sha256: 95b7bd6fec10031b44b20276e57c11d71cd1095f966aa84c1bba5ece0eea64d2
  md5: 2d48db2a15a7b768bb563d2675c99b2c
  depends:
  - ucrt >=10.0.20348.0
  - vc >=14.3,<15
  - vc14_runtime >=14.44.35208
  license: Python-2.0
  purls: []
  run_exports: {}
  size: 51250
  timestamp: 1788384361391
- conda: https://conda.anaconda.org/conda-forge/win-64/libsqlite-3.53.4-hf5d6505_1.conda
  sha256: 0a45d7c0f20146fff787a106f8fa187872e309c70975ff8f0936e188914c26ad
  md5: a72d495965b144bb7da033642d389047
  depends:
  - ucrt >=10.0.20348.0
  - vc >=14.3,<15
  - vc14_runtime >=14.44.35208
  license: blessing
  purls: []
  run_exports:
    weak:
    - libsqlite >=3.53.4,<4.0a0
  size: 1314919
  timestamp: 1787051140039
- conda: https://conda.anaconda.org/conda-forge/win-64/libzlib-1.3.2-hfd05255_3.conda
  sha256: 0629c2cc0404d3bb29d6baa7b4ba62da80797015e86de050db81ea5a07050527
  md5: 5d2ff29d465097458cc3ff6569151991
  depends:
  - ucrt >=10.0.20348.0
  - vc >=14.3,<15
  - vc14_runtime >=14.44.35208
  constrains:
  - zlib 1.3.2 *_3
  license: Zlib
  license_family: Other
  purls: []
  run_exports:
    weak:
    - libzlib >=1.3.2,<2.0a0
  size: 58529
  timestamp: 1785276664143
- conda: https://conda.anaconda.org/conda-forge/win-64/openssl-3.5.8-hf411b9b_0.conda
  sha256: 778f55e8fe29ec1bef0e30027ef19c38afb49c5d9d7c22019ea350e56def0279
  md5: 37a620cdb015b66544a07b43bdc1e19e
  depends:
  - ca-certificates
  - ucrt >=10.0.20348.0
  - vc >=14.3,<15
  - vc14_runtime >=14.44.35208
  license: Apache-2.0
  license_family: Apache
  purls: []
  run_exports:
    weak:
    - openssl >=3.5.8,<4.0a0
  size: 9309552
  timestamp: 1787700221367
- conda: https://conda.anaconda.org/conda-forge/win-64/python-3.14.7-h53f6dd8_106_cp314.conda
  build_number: 106
  sha256: 9fdcb8a5018d91a22484e67ac6c5ae9116f082f953328f43ed4421418740dfb1
  md5: df0b471269a379db0262256e332c1e7c
  depends:
  - bzip2 >=1.0.8,<2.0a0
  - libexpat >=2.8.1,<3.0a0
  - libffi >=3.7.0,<3.8.0a0
  - liblzma >=5.8.3,<6.0a0
  - libmpdec >=4.0.0,<5.0a0
  - libpython 3.14.7 h4f90d01_106_cp314
  - libsqlite >=3.53.4,<4.0a0
  - libzlib >=1.3.2,<2.0a0
  - openssl >=3.5.8,<4.0a0
  - python_abi 3.14.* *_cp314
  - tk >=8.6.13,<8.7.0a0
  - tzdata
  - ucrt >=10.0.20348.0
  - vc >=14.3,<15
  - vc14_runtime >=14.44.35208
  - zstd >=1.5.7,<1.6.0a0
  license: Python-2.0
  purls: []
  run_exports:
    weak:
    - python_abi 3.14.* *_cp314
    noarch:
    - python
  size: 18377601
  timestamp: 1788384478011
  python_site_packages_path: Lib/site-packages
- conda: https://conda.anaconda.org/conda-forge/win-64/tk-8.6.13-h967ab96_4.conda
  sha256: f19618a3a82cc483dacf1c70a30367ee7b0c7e71b90f1f80e14feff44fbd3688
  md5: dd9eb33c99d352b6356f86964d6040f7
  depends:
  - vc >=14.3,<15
  - vc14_runtime >=14.44.35208
  - ucrt >=10.0.20348.0
  license: TCL
  purls: []
  run_exports:
    weak:
    - tk >=8.6.13,<8.7.0a0
  size: 3782376
  timestamp: 1787272860855
- conda: https://conda.anaconda.org/conda-forge/win-64/ucrt-10.0.26100.0-h57928b3_0.conda
  sha256: 3005729dce6f3d3f5ec91dfc49fc75a0095f9cd23bab49efb899657297ac91a5
  md5: 71b24316859acd00bdb8b38f5e2ce328
  constrains:
  - vc14_runtime >=14.29.30037
  - vs2015_runtime >=14.29.30037
  license: LicenseRef-MicrosoftWindowsSDK10
  purls: []
  run_exports: {}
  size: 694692
  timestamp: 1756385147981
- conda: https://conda.anaconda.org/conda-forge/win-64/uv-0.12.16-h8a923dc_0.conda
  sha256: 1a3dd99e20f4f5558deaa615598994bea6f8e9f2195042a5d028d9737589e176
  md5: 0a398e7a05019c430022fc987c909e06
  depends:
  - vc >=14.3,<15
  - vc14_runtime >=14.44.35208
  - ucrt >=10.0.20348.0
  - liblzma >=5.8.3,<6.0a0
  - zstd >=1.5.7,<1.6.0a0
  license: Apache-2.0 OR MIT
  purls: []
  run_exports: {}
  size: 15993700
  timestamp: 1789739620614
- conda: https://conda.anaconda.org/conda-forge/win-64/vc-14.5-ha367084_41.conda
  sha256: 35444c55a92e2f7f7ba26bc70f81e56e52344f7d064c0fd4b40a46a58517b79c
  md5: aa805b5522c2a98fa286e551a1f48546
  depends:
  - vc14_runtime >=14.51.36247
  track_features:
  - vc14
  license: BSD-3-Clause
  license_family: BSD
  purls: []
  run_exports: {}
  size: 21383
  timestamp: 1785359368566
- conda: https://conda.anaconda.org/conda-forge/win-64/vc14_runtime-14.51.36247-habf1de7_41.conda
  sha256: 4e4cb599cdc41bf2109d1464c127b5bcbddf548ce3e322e612afb691338b48f8
  md5: ac5333bb3d429361f23adf704cc49a78
  depends:
  - ucrt >=10.0.20348.0
  - vcomp14 14.51.36247 habf1de7_41
  constrains:
  - vs2015_runtime 14.51.36247.* *_41
  license: LicenseRef-MicrosoftVisualCpp2015-2022Runtime
  license_family: Proprietary
  purls: []
  run_exports: {}
  size: 767955
  timestamp: 1785359364369
- conda: https://conda.anaconda.org/conda-forge/win-64/vcomp14-14.51.36247-habf1de7_41.conda
  sha256: 731e043390c9457299484d39e427221fc868a9249540a498a5a4f6456c7744d1
  md5: 350bb67a5c8e5f1c53347ac544ab6600
  depends:
  - ucrt >=10.0.20348.0
  constrains:
  - vs2015_runtime 14.51.36247.* *_41
  license: LicenseRef-MicrosoftVisualCpp2015-2022Runtime
  license_family: Proprietary
  purls: []
  run_exports:
    strong:
    - vcomp14 >=14.51.36247
  size: 155910
  timestamp: 1785359349999
- conda: https://conda.anaconda.org/conda-forge/win-64/zstd-1.5.7-h534d264_7.conda
  sha256: ca7daae4f218a11fab82cc2857f0ea518ec3f46acec60490485347a4c22c6b3e
  md5: e4ac308c39d6d0e131154976da67cf3b
  depends:
  - vc >=14.3,<15
  - vc14_runtime >=14.44.35208
  - ucrt >=10.0.20348.0
  - libzlib >=1.3.2,<2.0a0
  license: BSD-3-Clause
  license_family: BSD
  purls: []
  run_exports:
    weak:
    - zstd >=1.5.7,<1.6.0a0
  size: 387535
  timestamp: 1786599623274
- pypi: https://files.pythonhosted.org/packages/3a/13/547360d81e6d88d58492968ffda9f9542854f11310ee556fef14260cc886/zipp-4.1.0-py3-none-any.whl
  name: zipp
  version: 4.1.0
  sha256: 25ad4e16390cd314347dd8f1de67a2ac538ae658ed4ab9db16029c07c188e97f
  requires_dist:
  - pytest>=6,!=8.1.* ; extra == 'test'
  - jaraco-itertools ; extra == 'test'
  - jaraco-functools ; extra == 'test'
  - more-itertools ; extra == 'test'
  - big-o ; extra == 'test'
  - pytest-ignore-flaky ; extra == 'test'
  - jaraco-test ; extra == 'test'
  - sphinx>=3.5 ; extra == 'doc'
  - jaraco-packaging>=9.3 ; extra == 'doc'
  - rst-linker>=1.9 ; extra == 'doc'
  - furo ; extra == 'doc'
  - sphinx-lint ; extra == 'doc'
  - jaraco-tidelift>=1.4 ; extra == 'doc'
  - pytest-checkdocs>=2.14 ; extra == 'check'
  - pytest-ruff>=0.2.1 ; sys_platform != 'cygwin' and extra == 'check'
  - pytest-cov ; extra == 'cover'
  - pytest-enabler>=3.4 ; extra == 'enabler'
  - pytest-mypy>=1.0.1 ; platform_python_implementation != 'PyPy' and extra == 'type'
  requires_python: '>=3.10'
- pypi: https://files.pythonhosted.org/packages/49/d3/b8441a820a491ddfc024b0b0cf0393375b75ea13866d9c66727e54c2fc80/typing_extensions-4.16.0-py3-none-any.whl
  name: typing-extensions
  version: 4.16.0
  sha256: 481caa481374e813c1b176ada14e97f1f67a4539ce9cfeb3f350d78d6370c2e8
  requires_python: '>=3.9'
- pypi: https://files.pythonhosted.org/packages/58/0a/a10b45aab35b175aded078a462dc8d0c698f5b13946e7cb0869097b78bb6/absl_py-2.5.0-py3-none-any.whl
  name: absl-py
  version: 2.5.0
  sha256: 0f17b89f2a4eaaedc4f28c622998aa690564b3012a396a4ffad0821007fe03ba
  requires_python: '>=3.10'
- pypi: https://files.pythonhosted.org/packages/5a/3d/589663aeeacd59bb2f3e8596bfd3e81cf0fb18d70bb433199041f469771b/etils-1.14.0-py3-none-any.whl
  name: etils
  version: 1.14.0
  sha256: b5df7341f54dbe1405a4450b2741207b4a8c279780402b45f87202b94dfc52b4
  requires_dist:
  - etils[array-types] ; extra == 'all'
  - etils[eapp] ; extra == 'all'
  - etils[ecolab] ; extra == 'all'
  - etils[edc] ; extra == 'all'
  - etils[enp] ; extra == 'all'
  - etils[epath] ; extra == 'all'
  - etils[epath-gcs] ; extra == 'all'
  - etils[epath-s3] ; extra == 'all'
  - etils[epy] ; extra == 'all'
  - etils[etqdm] ; extra == 'all'
  - etils[etree] ; extra == 'all'
  - etils[etree-dm] ; extra == 'all'
  - etils[etree-jax] ; extra == 'all'
  - etils[etree-tf] ; extra == 'all'
  - etils[enp] ; extra == 'array-types'
  - pytest ; extra == 'dev'
  - pytest-subtests ; extra == 'dev'
  - pytest-xdist ; extra == 'dev'
  - pyink ; extra == 'dev'
  - pylint>=2.6.0 ; extra == 'dev'
  - chex ; extra == 'dev'
  - fiddle ; extra == 'dev'
  - torch ; extra == 'dev'
  - optree ; extra == 'dev'
  - tensorflow-datasets ; extra == 'dev'
  - pydantic ; extra == 'dev'
  - sphinx-apitree[ext] ; extra == 'docs'
  - etils[dev,all] ; extra == 'docs'
  - absl-py ; extra == 'eapp'
  - simple-parsing ; extra == 'eapp'
  - etils[epy] ; extra == 'eapp'
  - jupyter ; extra == 'ecolab'
  - numpy ; extra == 'ecolab'
  - mediapy ; extra == 'ecolab'
  - packaging ; extra == 'ecolab'
  - protobuf ; extra == 'ecolab'
  - etils[enp] ; extra == 'ecolab'
  - etils[epy] ; extra == 'ecolab'
  - etils[etree] ; extra == 'ecolab'
  - etils[epy] ; extra == 'edc'
  - numpy ; extra == 'enp'
  - einops ; extra == 'enp'
  - etils[epy] ; extra == 'enp'
  - fsspec ; extra == 'epath'
  - typing-extensions ; extra == 'epath'
  - zipp ; extra == 'epath'
  - etils[epy] ; extra == 'epath'
  - gcsfs ; extra == 'epath-gcs'
  - etils[epath] ; extra == 'epath-gcs'
  - s3fs ; extra == 'epath-s3'
  - etils[epath] ; extra == 'epath-s3'
  - typing-extensions ; extra == 'epy'
  - absl-py ; extra == 'etqdm'
  - tqdm ; extra == 'etqdm'
  - etils[epy] ; extra == 'etqdm'
  - etils[array-types] ; extra == 'etree'
  - etils[epy] ; extra == 'etree'
  - etils[enp] ; extra == 'etree'
  - etils[etqdm] ; extra == 'etree'
  - dm-tree ; extra == 'etree-dm'
  - etils[etree] ; extra == 'etree-dm'
  - jax[cpu] ; extra == 'etree-jax'
  - etils[etree] ; extra == 'etree-jax'
  - tensorflow ; extra == 'etree-tf'
  - etils[etree] ; extra == 'etree-tf'
  - etils[ecolab] ; extra == 'lazy-imports'
  requires_python: '>=3.11'
- pypi: https://files.pythonhosted.org/packages/a4/73/d2c08231e4fde7e415501fd02c715d96e98599b2d8384445933944152984/numpy-2.5.3-cp314-cp314-win_amd64.whl
  name: numpy
  version: 2.5.3
  sha256: 2c25dfa72943e4336ddb6b0ee4277b47a0c85bede0807530ec68103bf58e2c10
  requires_python: '>=3.12'
- pypi: https://files.pythonhosted.org/packages/a7/4f/a615c2b29f6754ebed84a611ee99c159addb51231434dba1cbdb29fa45f3/mujoco-3.13.0-cp314-cp314-win_amd64.whl
  name: mujoco
  version: 3.13.0
  sha256: cb407733f5bb8f44b8799ca16427fa19a84120406aaf486c8f5ae0df833b0b84
  requires_dist:
  - absl-py
  - etils[epath]
  - glfw
  - numpy
  - pyopengl
  - absl-py ; extra == 'sysid'
  - colorama ; extra == 'sysid'
  - imageio[ffmpeg] ; extra == 'sysid'
  - jinja2 ; extra == 'sysid'
  - matplotlib ; extra == 'sysid'
  - plotly ; extra == 'sysid'
  - pyyaml ; extra == 'sysid'
  - scipy ; extra == 'sysid'
  - tabulate ; extra == 'sysid'
  - typing-extensions ; extra == 'sysid'
  - usd-core ; extra == 'usd'
  - pillow ; extra == 'usd'
  requires_python: '>=3.10'
- pypi: https://files.pythonhosted.org/packages/de/e4/1ba6f44e491c4eece978685230dde56b14d51a0365bc1b774ddaa94d14cd/pyopengl-3.1.10-py3-none-any.whl
  name: pyopengl
  version: 3.1.10
  sha256: 794a943daced39300879e4e47bd94525280685f42dbb5a998d336cfff151d74f
- pypi: https://files.pythonhosted.org/packages/e0/6c/4ca5f3ab85a8d7f612ce857208726e9b834e54e559751e3d4f98cc2f7509/glfw-2.10.2-py2.py3-none-win_amd64.whl
  name: glfw
  version: 2.10.2
  sha256: 15fd0666cd8f1b0ecb535c3abb712b8ddda053bf8d16de2353b1c6ced0e65402
  requires_dist:
  - glfw-preview ; extra == 'preview'
- pypi: https://files.pythonhosted.org/packages/f8/ee/e5227c249c4aed5517f5331612c593965f19aec9f0d994f51c9aee8802fd/mujoco_warp-3.13.0-py3-none-any.whl
  name: mujoco-warp
  version: 3.13.0
  sha256: cb1f74c36684ef5d2b610926d8979db8aa39fd78613a7130cf6a7ef802ee5e3c
  requires_dist:
  - absl-py
  - etils[epath]
  - mujoco>=3.12.0
  - numpy
  - warp-lang>=1.15
  - pre-commit ; extra == 'dev'
  - pytest ; extra == 'dev'
  - pytest-xdist ; extra == 'dev'
  - ruff ; extra == 'dev'
  - pygls>=1.0.0,<2.0.0 ; extra == 'dev'
  - lsprotocol>=2023.0.1,<2024.0.0 ; extra == 'dev'
  - mujoco>=3.11.0 ; extra == 'dev'
  - warp-lang>=1.15 ; extra == 'dev'
  - mjviser>=0.0.13 ; extra == 'dev'
  - pillow ; extra == 'dev'
  - jax ; extra == 'cpu'
  - jax[cuda12] ; extra == 'cuda'
  requires_python: '>=3.10'
- pypi: https://files.pythonhosted.org/packages/fd/3c/6a2bf344106328fd04963664a60b9bb6496fc25df8e962fcdc1367285fb9/fsspec-2026.7.0-py3-none-any.whl
  name: fsspec
  version: 2026.7.0
  sha256: b57ddbafedfaef7018c1ecab32aa200a9d7ca26b77965f64e48b70061249d279
  requires_dist:
  - adlfs ; extra == 'abfs'
  - adlfs ; extra == 'adl'
  - pyarrow>=1 ; extra == 'arrow'
  - dask ; extra == 'dask'
  - distributed ; extra == 'dask'
  - pre-commit ; extra == 'dev'
  - ruff>=0.5 ; extra == 'dev'
  - numpydoc ; extra == 'doc'
  - sphinx ; extra == 'doc'
  - sphinx-design ; extra == 'doc'
  - sphinx-rtd-theme ; extra == 'doc'
  - yarl ; extra == 'doc'
  - dropbox ; extra == 'dropbox'
  - dropboxdrivefs ; extra == 'dropbox'
  - requests ; extra == 'dropbox'
  - adlfs ; extra == 'full'
  - aiohttp!=4.0.0a0,!=4.0.0a1 ; extra == 'full'
  - dask ; extra == 'full'
  - distributed ; extra == 'full'
  - dropbox ; extra == 'full'
  - dropboxdrivefs ; extra == 'full'
  - fusepy ; extra == 'full'
  - gcsfs>=2026.4.0 ; extra == 'full'
  - libarchive-c ; extra == 'full'
  - ocifs ; extra == 'full'
  - panel ; extra == 'full'
  - paramiko ; extra == 'full'
  - pyarrow>=1 ; extra == 'full'
  - pygit2 ; extra == 'full'
  - requests ; extra == 'full'
  - s3fs>=2026.6.0 ; extra == 'full'
  - smbprotocol ; extra == 'full'
  - tqdm ; extra == 'full'
  - fusepy ; extra == 'fuse'
  - gcsfs>=2026.4.0 ; extra == 'gcs'
  - pygit2 ; extra == 'git'
  - requests ; extra == 'github'
  - gcsfs>=2026.4.0 ; extra == 'gs'
  - panel ; extra == 'gui'
  - pyarrow>=1 ; extra == 'hdfs'
  - aiohttp!=4.0.0a0,!=4.0.0a1 ; extra == 'http'
  - libarchive-c ; extra == 'libarchive'
  - ocifs ; extra == 'oci'
  - s3fs>=2026.6.0 ; extra == 's3'
  - paramiko ; extra == 'sftp'
  - smbprotocol ; extra == 'smb'
  - paramiko ; extra == 'ssh'
  - aiohttp!=4.0.0a0,!=4.0.0a1 ; extra == 'test'
  - numpy ; extra == 'test'
  - pytest ; extra == 'test'
  - pytest-asyncio!=0.22.0 ; extra == 'test'
  - pytest-benchmark ; extra == 'test'
  - pytest-cov ; extra == 'test'
  - pytest-mock ; extra == 'test'
  - pytest-recording ; extra == 'test'
  - pytest-rerunfailures ; extra == 'test'
  - requests ; extra == 'test'
  - aiobotocore>=2.5.4,<3.0.0 ; extra == 'test-downstream'
  - dask[dataframe,test] ; extra == 'test-downstream'
  - moto[server]>4,<5 ; extra == 'test-downstream'
  - pytest-timeout ; extra == 'test-downstream'
  - xarray ; extra == 'test-downstream'
  - adlfs ; extra == 'test-full'
  - aiohttp!=4.0.0a0,!=4.0.0a1 ; extra == 'test-full'
  - backports-zstd ; python_full_version < '3.14' and extra == 'test-full'
  - cloudpickle ; extra == 'test-full'
  - dask ; extra == 'test-full'
  - distributed ; extra == 'test-full'
  - dropbox ; extra == 'test-full'
  - dropboxdrivefs ; extra == 'test-full'
  - fastparquet ; extra == 'test-full'
  - fusepy ; extra == 'test-full'
  - gcsfs>=2026.4.0 ; extra == 'test-full'
  - jinja2 ; extra == 'test-full'
  - kerchunk ; extra == 'test-full'
  - libarchive-c ; extra == 'test-full'
  - lz4 ; extra == 'test-full'
  - notebook ; extra == 'test-full'
  - numpy ; extra == 'test-full'
  - ocifs ; extra == 'test-full'
  - pandas<3.0.0 ; extra == 'test-full'
  - panel ; extra == 'test-full'
  - paramiko ; extra == 'test-full'
  - pyarrow>=1 ; extra == 'test-full'
  - pyftpdlib ; extra == 'test-full'
  - pygit2 ; extra == 'test-full'
  - pytest ; extra == 'test-full'
  - pytest-asyncio!=0.22.0 ; extra == 'test-full'
  - pytest-benchmark ; extra == 'test-full'
  - pytest-cov ; extra == 'test-full'
  - pytest-mock ; extra == 'test-full'
  - pytest-recording ; extra == 'test-full'
  - pytest-rerunfailures ; extra == 'test-full'
  - python-snappy ; extra == 'test-full'
  - requests ; extra == 'test-full'
  - s3fs>=2026.6.0 ; extra == 'test-full'
  - smbprotocol ; extra == 'test-full'
  - tqdm ; extra == 'test-full'
  - urllib3 ; extra == 'test-full'
  - zarr<3.2.0 ; extra == 'test-full'
  - zstandard ; python_full_version < '3.14' and extra == 'test-full'
  - tqdm ; extra == 'tqdm'
  requires_python: '>=3.10'
- pypi: https://files.pythonhosted.org/packages/ff/7a/36306a503085cbfc79c35a28e441c59dd1d8070d2dd65152345ebf2dfec2/warp_lang-1.17.0-py3-none-win_amd64.whl
  name: warp-lang
  version: 1.17.0
  sha256: ca35c82242a7553046f09023bbe56750b5c3d9af72625bd1a905a56d3189771d
  requires_dist:
  - numpy
  - nvidia-sphinx-theme ; extra == 'docs'
  - sphinx-copybutton ; extra == 'docs'
  - pre-commit ; extra == 'docs'
  - myst-parser ; extra == 'docs'
  - usd-core>=25.5 ; (platform_machine != 'ARM64' and platform_machine != 'aarch64' and platform_machine != 'arm64' and extra == 'benchmark') or (platform_machine == 'ARM64' and sys_platform != 'win32' and extra == 'benchmark') or (platform_machine == 'arm64' and sys_platform != 'win32' and extra == 'benchmark') or (platform_machine == 'aarch64' and sys_platform != 'linux' and sys_platform != 'win32' and extra == 'benchmark')
  - usd-exchange>=2.2 ; python_full_version >= '3.10' and python_full_version < '3.13' and platform_machine == 'aarch64' and sys_platform == 'linux' and extra == 'benchmark'
  - blosc>=1.11.1 ; (platform_machine != 'ARM64' and platform_machine != 'aarch64' and platform_machine != 'arm64' and extra == 'examples') or (platform_machine == 'ARM64' and sys_platform != 'win32' and extra == 'examples') or (platform_machine == 'aarch64' and sys_platform != 'win32' and extra == 'examples') or (platform_machine == 'arm64' and sys_platform != 'win32' and extra == 'examples')
  - matplotlib>=3.7.5 ; extra == 'examples'
  - pillow>=10.4.0 ; extra == 'examples'
  - psutil>=7.1.0 ; extra == 'examples'
  - pyglet>=2.1.9 ; extra == 'examples'
  - usd-core>=25.5 ; (platform_machine != 'ARM64' and platform_machine != 'aarch64' and platform_machine != 'arm64' and extra == 'examples') or (platform_machine == 'ARM64' and sys_platform != 'win32' and extra == 'examples') or (platform_machine == 'arm64' and sys_platform != 'win32' and extra == 'examples') or (platform_machine == 'aarch64' and sys_platform != 'linux' and sys_platform != 'win32' and extra == 'examples')
  - usd-exchange>=2.2 ; python_full_version >= '3.10' and python_full_version < '3.13' and platform_machine == 'aarch64' and sys_platform == 'linux' and extra == 'examples'
  - warp-lang[examples] ; extra == 'torch-cu12'
  - torch>=2.7.0 ; extra == 'torch-cu12'
  - warp-lang[examples] ; extra == 'torch-cu13'
  - torch>=2.9.0 ; extra == 'torch-cu13'
  - warp-lang[examples] ; extra == 'dev'
  - warp-lang[docs] ; extra == 'dev'
  - nvtx ; (platform_machine != 'ARM64' and platform_machine != 'aarch64' and platform_machine != 'arm64' and extra == 'dev') or (platform_machine == 'ARM64' and sys_platform != 'win32' and extra == 'dev') or (platform_machine == 'aarch64' and sys_platform != 'win32' and extra == 'dev') or (platform_machine == 'arm64' and sys_platform != 'win32' and extra == 'dev')
  - coverage[toml] ; extra == 'dev'
  - ml-dtypes>=0.5.4 ; extra == 'dev'
  requires_python: '>=3.10'
